
Microsoft Visual Studio Solution File, Format Version 12.00
# Visual Studio Version 17
VisualStudioVersion = 17.5.33516.290
MinimumVisualStudioVersion = 10.0.40219.1
Project("{FAE04EC0-301F-11D3-BF4B-00C04F79EFBC}") = "EncycloBook", "EncycloBook\EncycloBook.csproj", "{EF03509D-77F3-4B10-AB15-D58D4152F3A5}"
EndProject
Project("{FAE04EC0-301F-11D3-BF4B-00C04F79EFBC}") = "EncycloBookData", "EncycloBookData\EncycloBookData.csproj", "{A18C5992-C4AF-48FB-9829-E87C2B9716FF}"
EndProject
Project("{FAE04EC0-301F-11D3-BF4B-00C04F79EFBC}") = "EncycloBookServices", "EncycloBookServices.cs\EncycloBookServices.csproj", "{AE11F0B3-6A94-446B-AA71-B700DD902531}"
EndProject
Global
	GlobalSection(SolutionConfigurationPlatforms) = preSolution
		Debug|Any CPU = Debug|Any CPU
		Release|Any CPU = Release|Any CPU
	EndGlobalSection
	GlobalSection(ProjectConfigurationPlatforms) = postSolution
		{EF03509D-77F3-4B10-AB15-D58D4152F3A5}.Debug|Any CPU.ActiveCfg = Debug|Any CPU
		{EF03509D-77F3-4B10-AB15-D58D4152F3A5}.Debug|Any CPU.Build.0 = Debug|Any CPU
		{EF03509D-77F3-4B10-AB15-D58D4152F3A5}.Release|Any CPU.ActiveCfg = Release|Any CPU
		{EF03509D-77F3-4B10-AB15-D58D4152F3A5}.Release|Any CPU.Build.0 = Release|Any CPU
		{A18C5992-C4AF-48FB-9829-E87C2B9716FF}.Debug|Any CPU.ActiveCfg = Debug|Any CPU
		{A18C5992-C4AF-48FB-9829-E87C2B9716FF}.Debug|Any CPU.Build.0 = Debug|Any CPU
		{A18C5992-C4AF-48FB-9829-E87C2B9716FF}.Release|Any CPU.ActiveCfg = Release|Any CPU
		{A18C5992-C4AF-48FB-9829-E87C2B9716FF}.Release|Any CPU.Build.0 = Release|Any CPU
		{AE11F0B3-6A94-446B-AA71-B700DD902531}.Debug|Any CPU.ActiveCfg = Debug|Any CPU
		{AE11F0B3-6A94-446B-AA71-B700DD902531}.Debug|Any CPU.Build.0 = Debug|Any CPU
		{AE11F0B3-6A94-446B-AA71-B700DD902531}.Release|Any CPU.ActiveCfg = Release|Any CPU
		{AE11F0B3-6A94-446B-AA71-B700DD902531}.Release|Any CPU.Build.0 = Release|Any CPU
	EndGlobalSection
	GlobalSection(SolutionProperties) = preSolution
		HideSolutionNode = FALSE
	EndGlobalSection
	GlobalSection(ExtensibilityGlobals) = postSolution
		SolutionGuid = {AC130B02-6F55-470D-A4FB-72C3ECAB3E0F}
	EndGlobalSection
EndGlobal
